{
  "name": "karaoke-maker",
  "lockfileVersion": 3,
  "requires": true,
  "packages": {
    "": {
      "dependencies": {
        "preact": "^10.26.9",
        "tone": "^15.1.22",
        "vlens": "^0.1.6"
      },
      "devDependencies": {
        "typescript": "^5.9.3"
      }
    },
    "node_modules/@babel/runtime": {
      "version": "7.29.7",
      "resolved": "https://registry.npmjs.org/@babel/runtime/-/runtime-7.29.7.tgz",
      "integrity": "sha512-Nq8OhGWiZIZGV6hLHoyAKLLcJihP/xFeBMGJoUrxTX2psI8dCifzLhZISFb+VWS3wFMRDmCGw5R+dOySCqPLhw==",
      "license": "MIT",
      "engines": {
        "node": ">=6.9.0"
      }
    },
    "node_modules/automation-events": {
      "version": "7.1.19",
      "resolved": "https://registry.npmjs.org/automation-events/-/automation-events-7.1.19.tgz",
      "integrity": "sha512-cD+TLhJTI0q4AI3ktd353lrGZiVa9AchowSDzQzzGjSoYe22js4vlS32VUtWuaulghi1Yq0KYNWKk9wWuGymPA==",
      "license": "MIT",
      "dependencies": {
        "@babel/runtime": "^7.29.2",
        "tslib": "^2.8.1"
      },
      "engines": {
        "node": ">=18.2.0"
      }
    },
    "node_modules/csstype": {
      "version": "3.2.3",
      "resolved": "https://registry.npmjs.org/csstype/-/csstype-3.2.3.tgz",
      "integrity": "sha512-z1HGKcYy2xA8AGQfwrn0PAy+PB7X/GSj3UVJW9qKyn43xWa+gl5nXmU4qqLMRzWVLFC8KusUX8T/0kCiOYpAIQ==",
      "license": "MIT"
    },
    "node_modules/preact": {
      "version": "10.29.2",
      "resolved": "https://registry.npmjs.org/preact/-/preact-10.29.2.tgz",
      "integrity": "sha512-7tNmwg/7mzzAoB/8kSg6Hl37JraAZw3Z3A0JSY7VXlZwo82Xn0G7wKbNNs2qoF4ZEEsQGTwDAroNdqKs1ofJxQ==",
      "license": "MIT",
      "peer": true,
      "funding": {
        "type": "opencollective",
        "url": "https://opencollective.com/preact"
      }
    },
    "node_modules/standardized-audio-context": {
      "version": "25.3.77",
      "resolved": "https://registry.npmjs.org/standardized-audio-context/-/standardized-audio-context-25.3.77.tgz",
      "integrity": "sha512-Ki9zNz6pKcC5Pi+QPjPyVsD9GwJIJWgryji0XL9cAJXMGyn+dPOf6Qik1AHei0+UNVcc4BOCa0hWLBzlwqsW/A==",
      "license": "MIT",
      "dependencies": {
        "@babel/runtime": "^7.25.6",
        "automation-events": "^7.0.9",
        "tslib": "^2.7.0"
      }
    },
    "node_modules/tone": {
      "version": "15.1.22",
      "resolved": "https://registry.npmjs.org/tone/-/tone-15.1.22.tgz",
      "integrity": "sha512-TCScAGD4sLsama5DjvTUXlLDXSqPealhL64nsdV1hhr6frPWve0DeSo63AKnSJwgfg55fhvxj0iPPRwPN5o0ag==",
      "license": "MIT",
      "dependencies": {
        "standardized-audio-context": "^25.3.70",
        "tslib": "^2.3.1"
      }
    },
    "node_modules/tslib": {
      "version": "2.8.1",
      "resolved": "https://registry.npmjs.org/tslib/-/tslib-2.8.1.tgz",
      "integrity": "sha512-oJFu94HQb+KVduSUQL7wnpmqnfmLsOA/nAh6b6EH0wCEoK0/mPeXU6c3wKDV83MkOuHPRHtSXKKU99IBazS/2w==",
      "license": "0BSD"
    },
    "node_modules/typescript": {
      "version": "5.9.3",
      "resolved": "https://registry.npmjs.org/typescript/-/typescript-5.9.3.tgz",
      "integrity": "sha512-jl1vZzPDinLr9eUt3J/t7V6FgNEw9QjvBPdysz9KfQDD41fQrC2Y4vKQdiaUpFT4bXlb1RHhLpp8wtm6M5TgSw==",
      "dev": true,
      "license": "Apache-2.0",
      "bin": {
        "tsc": "bin/tsc",
        "tsserver": "bin/tsserver"
      },
      "engines": {
        "node": ">=14.17"
      }
    },
    "node_modules/vlens": {
      "version": "0.1.6",
      "resolved": "https://registry.npmjs.org/vlens/-/vlens-0.1.6.tgz",
      "integrity": "sha512-snELmNm48cM74+7zY3eAo/qksdpRhswLlIFDRPH49tPzH71O2GdllhqnW9OPVxs01loixKiWqZ3zTCZdj05YJQ==",
      "license": "MIT",
      "dependencies": {
        "csstype": "^3.1.1"
      },
      "peerDependencies": {
        "preact": "10.x"
      }
    }
  }
}
